{
  "version": 4,
  "terraform_version": "1.3.0",
  "serial": 26,
  "lineage": "f108f663-ecc2-2eff-1929-879ce4e3859c",
  "outputs": {
    "db-ip": {
      "value": "192.168.59.109",
      "type": "string"
    },
    "web-ip": {
      "value": "192.168.59.110",
      "type": "string"
    }
  },
  "resources": [
    {
      "mode": "managed",
      "type": "virtualbox_vm",
      "name": "node",
      "provider": "provider[\"registry.terraform.io/terra-farm/virtualbox\"]",
      "instances": [
        {
          "index_key": 0,
          "schema_version": 0,
          "attributes": {
            "boot_order": null,
            "checksum": null,
            "checksum_type": null,
            "cpus": 2,
            "id": "c80f40d9-2e2e-4ae0-8667-0e0e955e87d5",
            "image": "https://app.vagrantup.com/ubuntu/boxes/bionic64/versions/20180903.0.0/providers/virtualbox.box",
            "memory": "512 mib",
            "name": "server-web",
            "network_adapter": [
              {
                "device": "IntelPro1000MTServer",
                "host_interface": "vboxnet0",
                "ipv4_address": "192.168.59.109",
                "ipv4_address_available": "yes",
                "mac_address": "0800273A358B",
                "status": "up",
                "type": "hostonly"
              }
            ],
            "optical_disks": null,
            "status": "running",
            "url": null,
            "user_data": null
          },
          "sensitive_attributes": [],
          "private": "bnVsbA=="
        },
        {
          "index_key": 1,
          "schema_version": 0,
          "attributes": {
            "boot_order": null,
            "checksum": null,
            "checksum_type": null,
            "cpus": 2,
            "id": "2eaf6ab5-ddf3-4df8-aa55-5b25925d398a",
            "image": "https://app.vagrantup.com/ubuntu/boxes/bionic64/versions/20180903.0.0/providers/virtualbox.box",
            "memory": "512 mib",
            "name": "server-db",
            "network_adapter": [
              {
                "device": "IntelPro1000MTServer",
                "host_interface": "vboxnet0",
                "ipv4_address": "192.168.59.110",
                "ipv4_address_available": "yes",
                "mac_address": "080027D8D16B",
                "status": "up",
                "type": "hostonly"
              }
            ],
            "optical_disks": null,
            "status": "running",
            "url": null,
            "user_data": null
          },
          "sensitive_attributes": [],
          "private": "bnVsbA=="
        }
      ]
    }
  ],
  "check_results": []
}
